
Microsoft Visual Studio Solution File, Format Version 12.00
# Visual Studio Version 17
VisualStudioVersion = 17.0.31919.166
MinimumVisualStudioVersion = 10.0.40219.1
Project("{FAE04EC0-301F-11D3-BF4B-00C04F79EFBC}") = "NHibernate", "NHibernate\NHibernate.csproj", "{44F998AF-2A01-4B03-995C-7FF702B9A95F}"
EndProject
Project("{9A19103F-16F7-4668-BE54-9A1E7A4F7556}") = "AdoNet", "AdoNet\AdoNet.csproj", "{46012BCD-0D1A-4A15-ACE4-6E1928184489}"
EndProject
Project("{FAE04EC0-301F-11D3-BF4B-00C04F79EFBC}") = "EFCore7", "EFCore7\EFCore7.csproj", "{BDF99A4B-0A1B-461A-81AE-B54EDC6376EF}"
EndProject
Project("{9A19103F-16F7-4668-BE54-9A1E7A4F7556}") = "EFCore6", "EFCore6\EFCore6.csproj", "{9E3545B4-8574-4EED-B783-D65BE28828B4}"
EndProject
Global
	GlobalSection(SolutionConfigurationPlatforms) = preSolution
		Debug|Any CPU = Debug|Any CPU
		Release|Any CPU = Release|Any CPU
	EndGlobalSection
	GlobalSection(ProjectConfigurationPlatforms) = postSolution
		{44F998AF-2A01-4B03-995C-7FF702B9A95F}.Debug|Any CPU.ActiveCfg = Debug|Any CPU
		{44F998AF-2A01-4B03-995C-7FF702B9A95F}.Debug|Any CPU.Build.0 = Debug|Any CPU
		{44F998AF-2A01-4B03-995C-7FF702B9A95F}.Release|Any CPU.ActiveCfg = Release|Any CPU
		{44F998AF-2A01-4B03-995C-7FF702B9A95F}.Release|Any CPU.Build.0 = Release|Any CPU
		{46012BCD-0D1A-4A15-ACE4-6E1928184489}.Debug|Any CPU.ActiveCfg = Debug|Any CPU
		{46012BCD-0D1A-4A15-ACE4-6E1928184489}.Debug|Any CPU.Build.0 = Debug|Any CPU
		{46012BCD-0D1A-4A15-ACE4-6E1928184489}.Release|Any CPU.ActiveCfg = Release|Any CPU
		{46012BCD-0D1A-4A15-ACE4-6E1928184489}.Release|Any CPU.Build.0 = Release|Any CPU
		{BDF99A4B-0A1B-461A-81AE-B54EDC6376EF}.Debug|Any CPU.ActiveCfg = Debug|Any CPU
		{BDF99A4B-0A1B-461A-81AE-B54EDC6376EF}.Debug|Any CPU.Build.0 = Debug|Any CPU
		{BDF99A4B-0A1B-461A-81AE-B54EDC6376EF}.Release|Any CPU.ActiveCfg = Release|Any CPU
		{BDF99A4B-0A1B-461A-81AE-B54EDC6376EF}.Release|Any CPU.Build.0 = Release|Any CPU
		{9E3545B4-8574-4EED-B783-D65BE28828B4}.Debug|Any CPU.ActiveCfg = Debug|Any CPU
		{9E3545B4-8574-4EED-B783-D65BE28828B4}.Debug|Any CPU.Build.0 = Debug|Any CPU
		{9E3545B4-8574-4EED-B783-D65BE28828B4}.Release|Any CPU.ActiveCfg = Release|Any CPU
		{9E3545B4-8574-4EED-B783-D65BE28828B4}.Release|Any CPU.Build.0 = Release|Any CPU
	EndGlobalSection
	GlobalSection(SolutionProperties) = preSolution
		HideSolutionNode = FALSE
	EndGlobalSection
	GlobalSection(ExtensibilityGlobals) = postSolution
		SolutionGuid = {CBA5DF1E-2846-496E-9FD8-E45F4FFE7427}
	EndGlobalSection
EndGlobal
